
Microsoft Visual Studio Solution File, Format Version 12.00
# Visual Studio 14
VisualStudioVersion = 14.0.25420.1
MinimumVisualStudioVersion = 10.0.40219.1
Project("{FAE04EC0-301F-11D3-BF4B-00C04F79EFBC}") = "RESTier.CLI", "RESTier.CLI\RESTier.CLI.csproj", "{539FC991-AB97-4A8D-AB5C-647046F8DE1F}"
EndProject
Project("{2150E333-8FDC-42A3-9474-1A3956D46DE8}") = "tools", "tools", "{336AC6BD-9482-4F35-A75E-AB85C129EFC4}"
EndProject
Project("{2150E333-8FDC-42A3-9474-1A3956D46DE8}") = "EFTools", "EFTools", "{052EBC7C-BF75-47BE-957E-1C1DB210746B}"
EndProject
Project("{FAE04EC0-301F-11D3-BF4B-00C04F79EFBC}") = "EntityDesign", "tools\EntityFramework\src\EFTools\EntityDesign\EntityDesign.csproj", "{F904B4BE-C7CF-4E4F-85B7-B006A2D1C561}"
EndProject
Project("{FAE04EC0-301F-11D3-BF4B-00C04F79EFBC}") = "DesignXmlCore", "tools\EntityFramework\src\EFTools\DesignXmlCore\DesignXmlCore.csproj", "{6C80DBCA-16C8-48C9-9019-AB6FDED788DE}"
EndProject
Project("{FAE04EC0-301F-11D3-BF4B-00C04F79EFBC}") = "EntityDesignBootstrapPackage", "tools\EntityFramework\src\EFTools\EntityDesignBootstrapPackage\EntityDesignBootstrapPackage.csproj", "{FC48CB33-A0D9-49ED-841D-CC88FD3D761D}"
EndProject
Project("{FAE04EC0-301F-11D3-BF4B-00C04F79EFBC}") = "EntityDesignDatabaseGeneration", "tools\EntityFramework\src\EFTools\EntityDesignDatabaseGeneration\EntityDesignDatabaseGeneration.csproj", "{15000B5C-C005-473A-BA65-EAF37E660B2C}"
EndProject
Project("{FAE04EC0-301F-11D3-BF4B-00C04F79EFBC}") = "EntityDesignDataSourceWizardExtension", "tools\EntityFramework\src\EFTools\EntityDesignDataSourceWizardExtension\EntityDesignDataSourceWizardExtension.csproj", "{D3E74B27-C87A-4E1C-B885-16760AD7119C}"
EndProject
Project("{FAE04EC0-301F-11D3-BF4B-00C04F79EFBC}") = "EntityDesigner", "tools\EntityFramework\src\EFTools\EntityDesignEntityDesigner\EntityDesigner.csproj", "{488B84C2-9358-4B90-BC2D-ED688939E6BB}"
EndProject
Project("{FAE04EC0-301F-11D3-BF4B-00C04F79EFBC}") = "EntityDesignerVersioningFacade", "tools\EntityFramework\src\EFTools\EntityDesignerVersioningFacade\EntityDesignerVersioningFacade.csproj", "{0518E682-510D-48F8-BB14-7151C50A1850}"
EndProject
Project("{FAE04EC0-301F-11D3-BF4B-00C04F79EFBC}") = "EntityDesignExtensibility", "tools\EntityFramework\src\EFTools\EntityDesignExtensibility\EntityDesignExtensibility.csproj", "{092010FF-C0C3-4564-B8F0-7758E630DE00}"
EndProject
Project("{FAE04EC0-301F-11D3-BF4B-00C04F79EFBC}") = "EntityDesignModel", "tools\EntityFramework\src\EFTools\EntityDesignModel\EntityDesignModel.csproj", "{B44E942F-0AD1-4FB4-9146-DD1F8E17D4D8}"
EndProject
Project("{FAE04EC0-301F-11D3-BF4B-00C04F79EFBC}") = "EntityDesignPackage", "tools\EntityFramework\src\EFTools\EntityDesignPackage\EntityDesignPackage.csproj", "{C7198BDF-EB70-44D3-BA61-45CC552248E4}"
EndProject
Project("{FAE04EC0-301F-11D3-BF4B-00C04F79EFBC}") = "EntityFramework", "tools\EntityFramework\src\EntityFramework\EntityFramework.csproj", "{E06D1C12-EFE8-4413-A15C-AE01FC158F2F}"
EndProject
Project("{FAE04EC0-301F-11D3-BF4B-00C04F79EFBC}") = "XmlCore", "tools\EntityFramework\src\EFTools\XmlCore\XmlCore.csproj", "{79B40A85-CDCC-4AC3-A583-77CA43CB5136}"
EndProject
Project("{2150E333-8FDC-42A3-9474-1A3956D46DE8}") = "Runtime", "Runtime", "{EFAD9D1D-DA1B-470A-AED9-D9310BE2E5DC}"
EndProject
Project("{FAE04EC0-301F-11D3-BF4B-00C04F79EFBC}") = "EntityFramework.SqlServer", "tools\EntityFramework\src\EntityFramework.SqlServer\EntityFramework.SqlServer.csproj", "{6F4BB80B-5F74-44D3-A77F-0025DFA48C1A}"
EndProject
Project("{2150E333-8FDC-42A3-9474-1A3956D46DE8}") = "NuGet.CommandLine", "NuGet.CommandLine", "{E268A299-C3D8-4977-AB1F-3A87B1690C24}"
EndProject
Project("{FAE04EC0-301F-11D3-BF4B-00C04F79EFBC}") = "NuGet.CommandLine", "tools\NuGet.Client.CommandLine\src\NuGet.Clients\NuGet.CommandLine\NuGet.CommandLine.csproj", "{957C4E99-3644-47DD-8F9A-AE36F41EBE4A}"
EndProject
Project("{FAE04EC0-301F-11D3-BF4B-00C04F79EFBC}") = "NuGet.Credentials", "tools\NuGet.Client.CommandLine\src\NuGet.Clients\NuGet.Credentials\NuGet.Credentials.csproj", "{32A23995-14C7-483B-98C3-0AE4185373EA}"
EndProject
Global
	GlobalSection(SolutionConfigurationPlatforms) = preSolution
		Debug|Any CPU = Debug|Any CPU
		DebugNet40|Any CPU = DebugNet40|Any CPU
		Release|Any CPU = Release|Any CPU
		ReleaseNet40|Any CPU = ReleaseNet40|Any CPU
	EndGlobalSection
	GlobalSection(ProjectConfigurationPlatforms) = postSolution
		{539FC991-AB97-4A8D-AB5C-647046F8DE1F}.Debug|Any CPU.ActiveCfg = Debug|Any CPU
		{539FC991-AB97-4A8D-AB5C-647046F8DE1F}.Debug|Any CPU.Build.0 = Debug|Any CPU
		{539FC991-AB97-4A8D-AB5C-647046F8DE1F}.DebugNet40|Any CPU.ActiveCfg = Debug|Any CPU
		{539FC991-AB97-4A8D-AB5C-647046F8DE1F}.DebugNet40|Any CPU.Build.0 = Debug|Any CPU
		{539FC991-AB97-4A8D-AB5C-647046F8DE1F}.Release|Any CPU.ActiveCfg = Release|Any CPU
		{539FC991-AB97-4A8D-AB5C-647046F8DE1F}.Release|Any CPU.Build.0 = Release|Any CPU
		{539FC991-AB97-4A8D-AB5C-647046F8DE1F}.ReleaseNet40|Any CPU.ActiveCfg = Release|Any CPU
		{539FC991-AB97-4A8D-AB5C-647046F8DE1F}.ReleaseNet40|Any CPU.Build.0 = Release|Any CPU
		{F904B4BE-C7CF-4E4F-85B7-B006A2D1C561}.Debug|Any CPU.ActiveCfg = Debug|Any CPU
		{F904B4BE-C7CF-4E4F-85B7-B006A2D1C561}.Debug|Any CPU.Build.0 = Debug|Any CPU
		{F904B4BE-C7CF-4E4F-85B7-B006A2D1C561}.DebugNet40|Any CPU.ActiveCfg = Debug|Any CPU
		{F904B4BE-C7CF-4E4F-85B7-B006A2D1C561}.DebugNet40|Any CPU.Build.0 = Debug|Any CPU
		{F904B4BE-C7CF-4E4F-85B7-B006A2D1C561}.Release|Any CPU.ActiveCfg = Release|Any CPU
		{F904B4BE-C7CF-4E4F-85B7-B006A2D1C561}.Release|Any CPU.Build.0 = Release|Any CPU
		{F904B4BE-C7CF-4E4F-85B7-B006A2D1C561}.ReleaseNet40|Any CPU.ActiveCfg = Release|Any CPU
		{F904B4BE-C7CF-4E4F-85B7-B006A2D1C561}.ReleaseNet40|Any CPU.Build.0 = Release|Any CPU
		{6C80DBCA-16C8-48C9-9019-AB6FDED788DE}.Debug|Any CPU.ActiveCfg = Debug|Any CPU
		{6C80DBCA-16C8-48C9-9019-AB6FDED788DE}.Debug|Any CPU.Build.0 = Debug|Any CPU
		{6C80DBCA-16C8-48C9-9019-AB6FDED788DE}.DebugNet40|Any CPU.ActiveCfg = Debug|Any CPU
		{6C80DBCA-16C8-48C9-9019-AB6FDED788DE}.DebugNet40|Any CPU.Build.0 = Debug|Any CPU
		{6C80DBCA-16C8-48C9-9019-AB6FDED788DE}.Release|Any CPU.ActiveCfg = Release|Any CPU
		{6C80DBCA-16C8-48C9-9019-AB6FDED788DE}.Release|Any CPU.Build.0 = Release|Any CPU
		{6C80DBCA-16C8-48C9-9019-AB6FDED788DE}.ReleaseNet40|Any CPU.ActiveCfg = Release|Any CPU
		{6C80DBCA-16C8-48C9-9019-AB6FDED788DE}.ReleaseNet40|Any CPU.Build.0 = Release|Any CPU
		{FC48CB33-A0D9-49ED-841D-CC88FD3D761D}.Debug|Any CPU.ActiveCfg = Debug|Any CPU
		{FC48CB33-A0D9-49ED-841D-CC88FD3D761D}.Debug|Any CPU.Build.0 = Debug|Any CPU
		{FC48CB33-A0D9-49ED-841D-CC88FD3D761D}.DebugNet40|Any CPU.ActiveCfg = Debug|Any CPU
		{FC48CB33-A0D9-49ED-841D-CC88FD3D761D}.DebugNet40|Any CPU.Build.0 = Debug|Any CPU
		{FC48CB33-A0D9-49ED-841D-CC88FD3D761D}.Release|Any CPU.ActiveCfg = Release|Any CPU
		{FC48CB33-A0D9-49ED-841D-CC88FD3D761D}.Release|Any CPU.Build.0 = Release|Any CPU
		{FC48CB33-A0D9-49ED-841D-CC88FD3D761D}.ReleaseNet40|Any CPU.ActiveCfg = Release|Any CPU
		{FC48CB33-A0D9-49ED-841D-CC88FD3D761D}.ReleaseNet40|Any CPU.Build.0 = Release|Any CPU
		{15000B5C-C005-473A-BA65-EAF37E660B2C}.Debug|Any CPU.ActiveCfg = Debug|Any CPU
		{15000B5C-C005-473A-BA65-EAF37E660B2C}.Debug|Any CPU.Build.0 = Debug|Any CPU
		{15000B5C-C005-473A-BA65-EAF37E660B2C}.DebugNet40|Any CPU.ActiveCfg = Debug|Any CPU
		{15000B5C-C005-473A-BA65-EAF37E660B2C}.DebugNet40|Any CPU.Build.0 = Debug|Any CPU
		{15000B5C-C005-473A-BA65-EAF37E660B2C}.Release|Any CPU.ActiveCfg = Release|Any CPU
		{15000B5C-C005-473A-BA65-EAF37E660B2C}.Release|Any CPU.Build.0 = Release|Any CPU
		{15000B5C-C005-473A-BA65-EAF37E660B2C}.ReleaseNet40|Any CPU.ActiveCfg = Release|Any CPU
		{15000B5C-C005-473A-BA65-EAF37E660B2C}.ReleaseNet40|Any CPU.Build.0 = Release|Any CPU
		{D3E74B27-C87A-4E1C-B885-16760AD7119C}.Debug|Any CPU.ActiveCfg = Debug|Any CPU
		{D3E74B27-C87A-4E1C-B885-16760AD7119C}.Debug|Any CPU.Build.0 = Debug|Any CPU
		{D3E74B27-C87A-4E1C-B885-16760AD7119C}.DebugNet40|Any CPU.ActiveCfg = Debug|Any CPU
		{D3E74B27-C87A-4E1C-B885-16760AD7119C}.DebugNet40|Any CPU.Build.0 = Debug|Any CPU
		{D3E74B27-C87A-4E1C-B885-16760AD7119C}.Release|Any CPU.ActiveCfg = Release|Any CPU
		{D3E74B27-C87A-4E1C-B885-16760AD7119C}.Release|Any CPU.Build.0 = Release|Any CPU
		{D3E74B27-C87A-4E1C-B885-16760AD7119C}.ReleaseNet40|Any CPU.ActiveCfg = Release|Any CPU
		{D3E74B27-C87A-4E1C-B885-16760AD7119C}.ReleaseNet40|Any CPU.Build.0 = Release|Any CPU
		{488B84C2-9358-4B90-BC2D-ED688939E6BB}.Debug|Any CPU.ActiveCfg = Debug|Any CPU
		{488B84C2-9358-4B90-BC2D-ED688939E6BB}.Debug|Any CPU.Build.0 = Debug|Any CPU
		{488B84C2-9358-4B90-BC2D-ED688939E6BB}.DebugNet40|Any CPU.ActiveCfg = Debug|Any CPU
		{488B84C2-9358-4B90-BC2D-ED688939E6BB}.DebugNet40|Any CPU.Build.0 = Debug|Any CPU
		{488B84C2-9358-4B90-BC2D-ED688939E6BB}.Release|Any CPU.ActiveCfg = Release|Any CPU
		{488B84C2-9358-4B90-BC2D-ED688939E6BB}.Release|Any CPU.Build.0 = Release|Any CPU
		{488B84C2-9358-4B90-BC2D-ED688939E6BB}.ReleaseNet40|Any CPU.ActiveCfg = Release|Any CPU
		{488B84C2-9358-4B90-BC2D-ED688939E6BB}.ReleaseNet40|Any CPU.Build.0 = Release|Any CPU
		{0518E682-510D-48F8-BB14-7151C50A1850}.Debug|Any CPU.ActiveCfg = Debug|Any CPU
		{0518E682-510D-48F8-BB14-7151C50A1850}.Debug|Any CPU.Build.0 = Debug|Any CPU
		{0518E682-510D-48F8-BB14-7151C50A1850}.DebugNet40|Any CPU.ActiveCfg = Debug|Any CPU
		{0518E682-510D-48F8-BB14-7151C50A1850}.DebugNet40|Any CPU.Build.0 = Debug|Any CPU
		{0518E682-510D-48F8-BB14-7151C50A1850}.Release|Any CPU.ActiveCfg = Release|Any CPU
		{0518E682-510D-48F8-BB14-7151C50A1850}.Release|Any CPU.Build.0 = Release|Any CPU
		{0518E682-510D-48F8-BB14-7151C50A1850}.ReleaseNet40|Any CPU.ActiveCfg = Release|Any CPU
		{0518E682-510D-48F8-BB14-7151C50A1850}.ReleaseNet40|Any CPU.Build.0 = Release|Any CPU
		{092010FF-C0C3-4564-B8F0-7758E630DE00}.Debug|Any CPU.ActiveCfg = Debug|Any CPU
		{092010FF-C0C3-4564-B8F0-7758E630DE00}.Debug|Any CPU.Build.0 = Debug|Any CPU
		{092010FF-C0C3-4564-B8F0-7758E630DE00}.DebugNet40|Any CPU.ActiveCfg = Debug|Any CPU
		{092010FF-C0C3-4564-B8F0-7758E630DE00}.DebugNet40|Any CPU.Build.0 = Debug|Any CPU
		{092010FF-C0C3-4564-B8F0-7758E630DE00}.Release|Any CPU.ActiveCfg = Release|Any CPU
		{092010FF-C0C3-4564-B8F0-7758E630DE00}.Release|Any CPU.Build.0 = Release|Any CPU
		{092010FF-C0C3-4564-B8F0-7758E630DE00}.ReleaseNet40|Any CPU.ActiveCfg = Release|Any CPU
		{092010FF-C0C3-4564-B8F0-7758E630DE00}.ReleaseNet40|Any CPU.Build.0 = Release|Any CPU
		{B44E942F-0AD1-4FB4-9146-DD1F8E17D4D8}.Debug|Any CPU.ActiveCfg = Debug|Any CPU
		{B44E942F-0AD1-4FB4-9146-DD1F8E17D4D8}.Debug|Any CPU.Build.0 = Debug|Any CPU
		{B44E942F-0AD1-4FB4-9146-DD1F8E17D4D8}.DebugNet40|Any CPU.ActiveCfg = Debug|Any CPU
		{B44E942F-0AD1-4FB4-9146-DD1F8E17D4D8}.DebugNet40|Any CPU.Build.0 = Debug|Any CPU
		{B44E942F-0AD1-4FB4-9146-DD1F8E17D4D8}.Release|Any CPU.ActiveCfg = Release|Any CPU
		{B44E942F-0AD1-4FB4-9146-DD1F8E17D4D8}.Release|Any CPU.Build.0 = Release|Any CPU
		{B44E942F-0AD1-4FB4-9146-DD1F8E17D4D8}.ReleaseNet40|Any CPU.ActiveCfg = Release|Any CPU
		{B44E942F-0AD1-4FB4-9146-DD1F8E17D4D8}.ReleaseNet40|Any CPU.Build.0 = Release|Any CPU
		{C7198BDF-EB70-44D3-BA61-45CC552248E4}.Debug|Any CPU.ActiveCfg = Debug|Any CPU
		{C7198BDF-EB70-44D3-BA61-45CC552248E4}.Debug|Any CPU.Build.0 = Debug|Any CPU
		{C7198BDF-EB70-44D3-BA61-45CC552248E4}.DebugNet40|Any CPU.ActiveCfg = Debug|Any CPU
		{C7198BDF-EB70-44D3-BA61-45CC552248E4}.DebugNet40|Any CPU.Build.0 = Debug|Any CPU
		{C7198BDF-EB70-44D3-BA61-45CC552248E4}.Release|Any CPU.ActiveCfg = Release|Any CPU
		{C7198BDF-EB70-44D3-BA61-45CC552248E4}.Release|Any CPU.Build.0 = Release|Any CPU
		{C7198BDF-EB70-44D3-BA61-45CC552248E4}.ReleaseNet40|Any CPU.ActiveCfg = Release|Any CPU
		{C7198BDF-EB70-44D3-BA61-45CC552248E4}.ReleaseNet40|Any CPU.Build.0 = Release|Any CPU
		{E06D1C12-EFE8-4413-A15C-AE01FC158F2F}.Debug|Any CPU.ActiveCfg = Debug|Any CPU
		{E06D1C12-EFE8-4413-A15C-AE01FC158F2F}.Debug|Any CPU.Build.0 = Debug|Any CPU
		{E06D1C12-EFE8-4413-A15C-AE01FC158F2F}.DebugNet40|Any CPU.ActiveCfg = DebugNet40|Any CPU
		{E06D1C12-EFE8-4413-A15C-AE01FC158F2F}.DebugNet40|Any CPU.Build.0 = DebugNet40|Any CPU
		{E06D1C12-EFE8-4413-A15C-AE01FC158F2F}.Release|Any CPU.ActiveCfg = Release|Any CPU
		{E06D1C12-EFE8-4413-A15C-AE01FC158F2F}.Release|Any CPU.Build.0 = Release|Any CPU
		{E06D1C12-EFE8-4413-A15C-AE01FC158F2F}.ReleaseNet40|Any CPU.ActiveCfg = ReleaseNet40|Any CPU
		{E06D1C12-EFE8-4413-A15C-AE01FC158F2F}.ReleaseNet40|Any CPU.Build.0 = ReleaseNet40|Any CPU
		{79B40A85-CDCC-4AC3-A583-77CA43CB5136}.Debug|Any CPU.ActiveCfg = Debug|Any CPU
		{79B40A85-CDCC-4AC3-A583-77CA43CB5136}.Debug|Any CPU.Build.0 = Debug|Any CPU
		{79B40A85-CDCC-4AC3-A583-77CA43CB5136}.DebugNet40|Any CPU.ActiveCfg = Debug|Any CPU
		{79B40A85-CDCC-4AC3-A583-77CA43CB5136}.DebugNet40|Any CPU.Build.0 = Debug|Any CPU
		{79B40A85-CDCC-4AC3-A583-77CA43CB5136}.Release|Any CPU.ActiveCfg = Release|Any CPU
		{79B40A85-CDCC-4AC3-A583-77CA43CB5136}.Release|Any CPU.Build.0 = Release|Any CPU
		{79B40A85-CDCC-4AC3-A583-77CA43CB5136}.ReleaseNet40|Any CPU.ActiveCfg = Release|Any CPU
		{79B40A85-CDCC-4AC3-A583-77CA43CB5136}.ReleaseNet40|Any CPU.Build.0 = Release|Any CPU
		{6F4BB80B-5F74-44D3-A77F-0025DFA48C1A}.Debug|Any CPU.ActiveCfg = Debug|Any CPU
		{6F4BB80B-5F74-44D3-A77F-0025DFA48C1A}.Debug|Any CPU.Build.0 = Debug|Any CPU
		{6F4BB80B-5F74-44D3-A77F-0025DFA48C1A}.DebugNet40|Any CPU.ActiveCfg = DebugNet40|Any CPU
		{6F4BB80B-5F74-44D3-A77F-0025DFA48C1A}.DebugNet40|Any CPU.Build.0 = DebugNet40|Any CPU
		{6F4BB80B-5F74-44D3-A77F-0025DFA48C1A}.Release|Any CPU.ActiveCfg = Release|Any CPU
		{6F4BB80B-5F74-44D3-A77F-0025DFA48C1A}.Release|Any CPU.Build.0 = Release|Any CPU
		{6F4BB80B-5F74-44D3-A77F-0025DFA48C1A}.ReleaseNet40|Any CPU.ActiveCfg = ReleaseNet40|Any CPU
		{6F4BB80B-5F74-44D3-A77F-0025DFA48C1A}.ReleaseNet40|Any CPU.Build.0 = ReleaseNet40|Any CPU
		{957C4E99-3644-47DD-8F9A-AE36F41EBE4A}.Debug|Any CPU.ActiveCfg = Debug|Any CPU
		{957C4E99-3644-47DD-8F9A-AE36F41EBE4A}.Debug|Any CPU.Build.0 = Debug|Any CPU
		{957C4E99-3644-47DD-8F9A-AE36F41EBE4A}.DebugNet40|Any CPU.ActiveCfg = Debug|Any CPU
		{957C4E99-3644-47DD-8F9A-AE36F41EBE4A}.DebugNet40|Any CPU.Build.0 = Debug|Any CPU
		{957C4E99-3644-47DD-8F9A-AE36F41EBE4A}.Release|Any CPU.ActiveCfg = Release|Any CPU
		{957C4E99-3644-47DD-8F9A-AE36F41EBE4A}.Release|Any CPU.Build.0 = Release|Any CPU
		{957C4E99-3644-47DD-8F9A-AE36F41EBE4A}.ReleaseNet40|Any CPU.ActiveCfg = Release|Any CPU
		{957C4E99-3644-47DD-8F9A-AE36F41EBE4A}.ReleaseNet40|Any CPU.Build.0 = Release|Any CPU
		{32A23995-14C7-483B-98C3-0AE4185373EA}.Debug|Any CPU.ActiveCfg = Debug|Any CPU
		{32A23995-14C7-483B-98C3-0AE4185373EA}.Debug|Any CPU.Build.0 = Debug|Any CPU
		{32A23995-14C7-483B-98C3-0AE4185373EA}.DebugNet40|Any CPU.ActiveCfg = Debug|Any CPU
		{32A23995-14C7-483B-98C3-0AE4185373EA}.DebugNet40|Any CPU.Build.0 = Debug|Any CPU
		{32A23995-14C7-483B-98C3-0AE4185373EA}.Release|Any CPU.ActiveCfg = Release|Any CPU
		{32A23995-14C7-483B-98C3-0AE4185373EA}.Release|Any CPU.Build.0 = Release|Any CPU
		{32A23995-14C7-483B-98C3-0AE4185373EA}.ReleaseNet40|Any CPU.ActiveCfg = Release|Any CPU
		{32A23995-14C7-483B-98C3-0AE4185373EA}.ReleaseNet40|Any CPU.Build.0 = Release|Any CPU
	EndGlobalSection
	GlobalSection(SolutionProperties) = preSolution
		HideSolutionNode = FALSE
	EndGlobalSection
	GlobalSection(NestedProjects) = preSolution
		{052EBC7C-BF75-47BE-957E-1C1DB210746B} = {336AC6BD-9482-4F35-A75E-AB85C129EFC4}
		{F904B4BE-C7CF-4E4F-85B7-B006A2D1C561} = {052EBC7C-BF75-47BE-957E-1C1DB210746B}
		{6C80DBCA-16C8-48C9-9019-AB6FDED788DE} = {052EBC7C-BF75-47BE-957E-1C1DB210746B}
		{FC48CB33-A0D9-49ED-841D-CC88FD3D761D} = {052EBC7C-BF75-47BE-957E-1C1DB210746B}
		{15000B5C-C005-473A-BA65-EAF37E660B2C} = {052EBC7C-BF75-47BE-957E-1C1DB210746B}
		{D3E74B27-C87A-4E1C-B885-16760AD7119C} = {052EBC7C-BF75-47BE-957E-1C1DB210746B}
		{488B84C2-9358-4B90-BC2D-ED688939E6BB} = {052EBC7C-BF75-47BE-957E-1C1DB210746B}
		{0518E682-510D-48F8-BB14-7151C50A1850} = {052EBC7C-BF75-47BE-957E-1C1DB210746B}
		{092010FF-C0C3-4564-B8F0-7758E630DE00} = {052EBC7C-BF75-47BE-957E-1C1DB210746B}
		{B44E942F-0AD1-4FB4-9146-DD1F8E17D4D8} = {052EBC7C-BF75-47BE-957E-1C1DB210746B}
		{C7198BDF-EB70-44D3-BA61-45CC552248E4} = {052EBC7C-BF75-47BE-957E-1C1DB210746B}
		{E06D1C12-EFE8-4413-A15C-AE01FC158F2F} = {EFAD9D1D-DA1B-470A-AED9-D9310BE2E5DC}
		{79B40A85-CDCC-4AC3-A583-77CA43CB5136} = {052EBC7C-BF75-47BE-957E-1C1DB210746B}
		{EFAD9D1D-DA1B-470A-AED9-D9310BE2E5DC} = {052EBC7C-BF75-47BE-957E-1C1DB210746B}
		{6F4BB80B-5F74-44D3-A77F-0025DFA48C1A} = {EFAD9D1D-DA1B-470A-AED9-D9310BE2E5DC}
		{E268A299-C3D8-4977-AB1F-3A87B1690C24} = {336AC6BD-9482-4F35-A75E-AB85C129EFC4}
		{957C4E99-3644-47DD-8F9A-AE36F41EBE4A} = {E268A299-C3D8-4977-AB1F-3A87B1690C24}
		{32A23995-14C7-483B-98C3-0AE4185373EA} = {E268A299-C3D8-4977-AB1F-3A87B1690C24}
	EndGlobalSection
EndGlobal
