
Microsoft Visual Studio Solution File, Format Version 12.00
# Visual Studio 14
VisualStudioVersion = 14.0.25420.1
MinimumVisualStudioVersion = 10.0.40219.1
Project("{FAE04EC0-301F-11D3-BF4B-00C04F79EFBC}") = "RESTier.CLI", "RESTier.CLI\RESTier.CLI.csproj", "{539FC991-AB97-4A8D-AB5C-647046F8DE1F}"
EndProject
Project("{2150E333-8FDC-42A3-9474-1A3956D46DE8}") = "tools", "tools", "{336AC6BD-9482-4F35-A75E-AB85C129EFC4}"
EndProject
Project("{FAE04EC0-301F-11D3-BF4B-00C04F79EFBC}") = "EntityFramework", "tools\EntityFramework\EntityFramework.csproj", "{7425BD30-6611-4C01-B7D0-2BEFEABDBFDA}"
EndProject
Global
	GlobalSection(SolutionConfigurationPlatforms) = preSolution
		Debug|Any CPU = Debug|Any CPU
		DebugNet40|Any CPU = DebugNet40|Any CPU
		Release|Any CPU = Release|Any CPU
		ReleaseNet40|Any CPU = ReleaseNet40|Any CPU
	EndGlobalSection
	GlobalSection(ProjectConfigurationPlatforms) = postSolution
		{539FC991-AB97-4A8D-AB5C-647046F8DE1F}.Debug|Any CPU.ActiveCfg = Debug|Any CPU
		{539FC991-AB97-4A8D-AB5C-647046F8DE1F}.Debug|Any CPU.Build.0 = Debug|Any CPU
		{539FC991-AB97-4A8D-AB5C-647046F8DE1F}.DebugNet40|Any CPU.ActiveCfg = Debug|Any CPU
		{539FC991-AB97-4A8D-AB5C-647046F8DE1F}.DebugNet40|Any CPU.Build.0 = Debug|Any CPU
		{539FC991-AB97-4A8D-AB5C-647046F8DE1F}.Release|Any CPU.ActiveCfg = Release|Any CPU
		{539FC991-AB97-4A8D-AB5C-647046F8DE1F}.Release|Any CPU.Build.0 = Release|Any CPU
		{539FC991-AB97-4A8D-AB5C-647046F8DE1F}.ReleaseNet40|Any CPU.ActiveCfg = Release|Any CPU
		{539FC991-AB97-4A8D-AB5C-647046F8DE1F}.ReleaseNet40|Any CPU.Build.0 = Release|Any CPU
		{7425BD30-6611-4C01-B7D0-2BEFEABDBFDA}.Debug|Any CPU.ActiveCfg = Debug|Any CPU
		{7425BD30-6611-4C01-B7D0-2BEFEABDBFDA}.Debug|Any CPU.Build.0 = Debug|Any CPU
		{7425BD30-6611-4C01-B7D0-2BEFEABDBFDA}.DebugNet40|Any CPU.ActiveCfg = Debug|Any CPU
		{7425BD30-6611-4C01-B7D0-2BEFEABDBFDA}.DebugNet40|Any CPU.Build.0 = Debug|Any CPU
		{7425BD30-6611-4C01-B7D0-2BEFEABDBFDA}.Release|Any CPU.ActiveCfg = Release|Any CPU
		{7425BD30-6611-4C01-B7D0-2BEFEABDBFDA}.Release|Any CPU.Build.0 = Release|Any CPU
		{7425BD30-6611-4C01-B7D0-2BEFEABDBFDA}.ReleaseNet40|Any CPU.ActiveCfg = Release|Any CPU
		{7425BD30-6611-4C01-B7D0-2BEFEABDBFDA}.ReleaseNet40|Any CPU.Build.0 = Release|Any CPU
	EndGlobalSection
	GlobalSection(SolutionProperties) = preSolution
		HideSolutionNode = FALSE
	EndGlobalSection
	GlobalSection(NestedProjects) = preSolution
		{7425BD30-6611-4C01-B7D0-2BEFEABDBFDA} = {336AC6BD-9482-4F35-A75E-AB85C129EFC4}
	EndGlobalSection
EndGlobal
